{
    "_readme": [
        "This file locks the dependencies of your project to a known state",
        "Read more about it at https://getcomposer.org/doc/01-basic-usage.md#installing-dependencies",
        "This file is @generated automatically"
    ],
    "content-hash": "6eb633bd40293efedb01a392e8ce8a9e",
    "packages": [
        {
            "name": "alchemy/binary-driver",
            "version": "5.1.0",
            "source": {
                "type": "git",
                "url": "https://github.com/alchemy-fr/BinaryDriver.git",
                "reference": "ae5abc1d51683f30494db76b688754683da87774"
            },
            "dist": {
                "type": "zip",
                "url": "https://api.github.com/repos/alchemy-fr/BinaryDriver/zipball/ae5abc1d51683f30494db76b688754683da87774",
                "reference": "ae5abc1d51683f30494db76b688754683da87774",
                "shasum": ""
            },
            "require": {
                "evenement/evenement": "^2.0|^1.0",
                "monolog/monolog": "^1.3",
                "php": ">=5.5",
                "psr/log": "^1.0",
                "symfony/process": "^2.3|^3.0|^4.0"
            },
            "require-dev": {
                "phpunit/phpunit": "^4.0|^5.0"
            },
            "type": "library",
            "autoload": {
                "psr-0": {
                    "Alchemy": "src"
                }
            },
            "notification-url": "https://packagist.org/downloads/",
            "license": [
                "MIT"
            ],
            "authors": [
                {
                    "name": "Romain Neutron",
                    "email": "imprec@gmail.com",
                    "homepage": "http://www.lickmychip.com/"
                },
                {
                    "name": "Phraseanet Team",
                    "email": "info@alchemy.fr",
                    "homepage": "http://www.phraseanet.com/"
                },
                {
                    "name": "Nicolas Le Goff",
                    "email": "legoff.n@gmail.com"
                },
                {
                    "name": "Jens Hausdorf",
                    "email": "mail@jens-hausdorf.de",
                    "homepage": "https://jens-hausdorf.de",
                    "role": "Maintainer"
                }
            ],
            "description": "A set of tools to build binary drivers",
            "keywords": [
                "binary",
                "driver"
            ],
            "time": "2019-05-19T08:43:30+00:00"
        },
        {
            "name": "doctrine/cache",
            "version": "1.10.0",
            "source": {
                "type": "git",
                "url": "https://github.com/doctrine/cache.git",
                "reference": "382e7f4db9a12dc6c19431743a2b096041bcdd62"
            },
            "dist": {
                "type": "zip",
                "url": "https://api.github.com/repos/doctrine/cache/zipball/382e7f4db9a12dc6c19431743a2b096041bcdd62",
                "reference": "382e7f4db9a12dc6c19431743a2b096041bcdd62",
                "shasum": ""
            },
            "require": {
                "php": "~7.1"
            },
            "conflict": {
                "doctrine/common": ">2.2,<2.4"
            },
            "require-dev": {
                "alcaeus/mongo-php-adapter": "^1.1",
                "doctrine/coding-standard": "^6.0",
                "mongodb/mongodb": "^1.1",
                "phpunit/phpunit": "^7.0",
                "predis/predis": "~1.0"
            },
            "suggest": {
                "alcaeus/mongo-php-adapter": "Required to use legacy MongoDB driver"
            },
            "type": "library",
            "extra": {
                "branch-alias": {
                    "dev-master": "1.9.x-dev"
                }
            },
            "autoload": {
                "psr-4": {
                    "Doctrine\\Common\\Cache\\": "lib/Doctrine/Common/Cache"
                }
            },
            "notification-url": "https://packagist.org/downloads/",
            "license": [
                "MIT"
            ],
            "authors": [
                {
                    "name": "Guilherme Blanco",
                    "email": "guilhermeblanco@gmail.com"
                },
                {
                    "name": "Roman Borschel",
                    "email": "roman@code-factory.org"
                },
                {
                    "name": "Benjamin Eberlei",
                    "email": "kontakt@beberlei.de"
                },
                {
                    "name": "Jonathan Wage",
                    "email": "jonwage@gmail.com"
                },
                {
                    "name": "Johannes Schmitt",
                    "email": "schmittjoh@gmail.com"
                }
            ],
            "description": "PHP Doctrine Cache library is a popular cache implementation that supports many different drivers such as redis, memcache, apc, mongodb and others.",
            "homepage": "https://www.doctrine-project.org/projects/cache.html",
            "keywords": [
                "abstraction",
                "apcu",
                "cache",
                "caching",
                "couchdb",
                "memcached",
                "php",
                "redis",
                "xcache"
            ],
            "time": "2019-11-29T15:36:20+00:00"
        },
        {
            "name": "evenement/evenement",
            "version": "v2.1.0",
            "source": {
                "type": "git",
                "url": "https://github.com/igorw/evenement.git",
                "reference": "6ba9a777870ab49f417e703229d53931ed40fd7a"
            },
            "dist": {
                "type": "zip",
                "url": "https://api.github.com/repos/igorw/evenement/zipball/6ba9a777870ab49f417e703229d53931ed40fd7a",
                "reference": "6ba9a777870ab49f417e703229d53931ed40fd7a",
                "shasum": ""
            },
            "require": {
                "php": ">=5.4.0"
            },
            "require-dev": {
                "phpunit/phpunit": "^6.0||^5.7||^4.8.35"
            },
            "type": "library",
            "extra": {
                "branch-alias": {
                    "dev-master": "2.0-dev"
                }
            },
            "autoload": {
                "psr-0": {
                    "Evenement": "src"
                }
            },
            "notification-url": "https://packagist.org/downloads/",
            "license": [
                "MIT"
            ],
            "authors": [
                {
                    "name": "Igor Wiedler",
                    "email": "igor@wiedler.ch"
                }
            ],
            "description": "Événement is a very simple event dispatching library for PHP",
            "keywords": [
                "event-dispatcher",
                "event-emitter"
            ],
            "time": "2017-07-17T17:39:19+00:00"
        },
        {
            "name": "monolog/monolog",
            "version": "1.25.2",
            "source": {
                "type": "git",
                "url": "https://github.com/Seldaek/monolog.git",
                "reference": "d5e2fb341cb44f7e2ab639d12a1e5901091ec287"
            },
            "dist": {
                "type": "zip",
                "url": "https://api.github.com/repos/Seldaek/monolog/zipball/d5e2fb341cb44f7e2ab639d12a1e5901091ec287",
                "reference": "d5e2fb341cb44f7e2ab639d12a1e5901091ec287",
                "shasum": ""
            },
            "require": {
                "php": ">=5.3.0",
                "psr/log": "~1.0"
            },
            "provide": {
                "psr/log-implementation": "1.0.0"
            },
            "require-dev": {
                "aws/aws-sdk-php": "^2.4.9 || ^3.0",
                "doctrine/couchdb": "~1.0@dev",
                "graylog2/gelf-php": "~1.0",
                "jakub-onderka/php-parallel-lint": "0.9",
                "php-amqplib/php-amqplib": "~2.4",
                "php-console/php-console": "^3.1.3",
                "phpunit/phpunit": "~4.5",
                "phpunit/phpunit-mock-objects": "2.3.0",
                "ruflin/elastica": ">=0.90 <3.0",
                "sentry/sentry": "^0.13",
                "swiftmailer/swiftmailer": "^5.3|^6.0"
            },
            "suggest": {
                "aws/aws-sdk-php": "Allow sending log messages to AWS services like DynamoDB",
                "doctrine/couchdb": "Allow sending log messages to a CouchDB server",
                "ext-amqp": "Allow sending log messages to an AMQP server (1.0+ required)",
                "ext-mongo": "Allow sending log messages to a MongoDB server",
                "graylog2/gelf-php": "Allow sending log messages to a GrayLog2 server",
                "mongodb/mongodb": "Allow sending log messages to a MongoDB server via PHP Driver",
                "php-amqplib/php-amqplib": "Allow sending log messages to an AMQP server using php-amqplib",
                "php-console/php-console": "Allow sending log messages to Google Chrome",
                "rollbar/rollbar": "Allow sending log messages to Rollbar",
                "ruflin/elastica": "Allow sending log messages to an Elastic Search server",
                "sentry/sentry": "Allow sending log messages to a Sentry server"
            },
            "type": "library",
            "extra": {
                "branch-alias": {
                    "dev-master": "2.0.x-dev"
                }
            },
            "autoload": {
                "psr-4": {
                    "Monolog\\": "src/Monolog"
                }
            },
            "notification-url": "https://packagist.org/downloads/",
            "license": [
                "MIT"
            ],
            "authors": [
                {
                    "name": "Jordi Boggiano",
                    "email": "j.boggiano@seld.be",
                    "homepage": "http://seld.be"
                }
            ],
            "description": "Sends your logs to files, sockets, inboxes, databases and various web services",
            "homepage": "http://github.com/Seldaek/monolog",
            "keywords": [
                "log",
                "logging",
                "psr-3"
            ],
            "time": "2019-11-13T10:00:05+00:00"
        },
        {
            "name": "neutron/temporary-filesystem",
            "version": "2.3.0",
            "source": {
                "type": "git",
                "url": "https://github.com/romainneutron/Temporary-Filesystem.git",
                "reference": "694aa3885f653dd429584e825ffbab79441d285f"
            },
            "dist": {
                "type": "zip",
                "url": "https://api.github.com/repos/romainneutron/Temporary-Filesystem/zipball/694aa3885f653dd429584e825ffbab79441d285f",
                "reference": "694aa3885f653dd429584e825ffbab79441d285f",
                "shasum": ""
            },
            "require": {
                "php": "^5.6 || ^7.0",
                "symfony/filesystem": "^2.3 || ^3.0 || ^4.0"
            },
            "require-dev": {
                "phpunit/phpunit": "^5.0"
            },
            "type": "library",
            "autoload": {
                "psr-0": {
                    "Neutron": "src"
                }
            },
            "notification-url": "https://packagist.org/downloads/",
            "license": [
                "MIT"
            ],
            "authors": [
                {
                    "name": "Romain Neutron",
                    "email": "imprec@gmail.com"
                }
            ],
            "description": "Symfony filesystem extension to handle temporary files",
            "time": "2018-02-07T21:11:57+00:00"
        },
        {
            "name": "norkunas/youtube-dl-php",
            "version": "v1.4.0",
            "source": {
                "type": "git",
                "url": "https://github.com/norkunas/youtube-dl-php.git",
                "reference": "32bcd6821034966d6255a0fac73c8fe7b3c03f80"
            },
            "dist": {
                "type": "zip",
                "url": "https://api.github.com/repos/norkunas/youtube-dl-php/zipball/32bcd6821034966d6255a0fac73c8fe7b3c03f80",
                "reference": "32bcd6821034966d6255a0fac73c8fe7b3c03f80",
                "shasum": ""
            },
            "require": {
                "ext-json": "*",
                "php": ">=7.0.8",
                "symfony/options-resolver": "^3.3|^4.0",
                "symfony/process": "^3.3|^4.0"
            },
            "require-dev": {
                "phpunit/phpunit": "^6.5"
            },
            "type": "library",
            "extra": {
                "branch-alias": {
                    "dev-master": "1.0-dev"
                }
            },
            "autoload": {
                "psr-4": {
                    "YoutubeDl\\": "src/"
                }
            },
            "notification-url": "https://packagist.org/downloads/",
            "license": [
                "MIT"
            ],
            "authors": [
                {
                    "name": "Tomas Norkūnas",
                    "email": "norkunas.tom@gmail.com"
                }
            ],
            "description": "youtube-dl wrapper for php",
            "keywords": [
                "youtube",
                "youtube-dl"
            ],
            "time": "2019-10-08T09:43:06+00:00"
        },
        {
            "name": "php-ffmpeg/php-ffmpeg",
            "version": "dev-master",
            "source": {
                "type": "git",
                "url": "https://github.com/PHP-FFMpeg/PHP-FFMpeg.git",
                "reference": "89b0c2b4d0d12c515c4feaa2803f62259b631118"
            },
            "dist": {
                "type": "zip",
                "url": "https://api.github.com/repos/PHP-FFMpeg/PHP-FFMpeg/zipball/89b0c2b4d0d12c515c4feaa2803f62259b631118",
                "reference": "89b0c2b4d0d12c515c4feaa2803f62259b631118",
                "shasum": ""
            },
            "require": {
                "alchemy/binary-driver": "^1.5 || ~2.0.0 || ^5.0",
                "doctrine/cache": "^1.0",
                "evenement/evenement": "^3.0 || ^2.0 || ^1.0",
                "neutron/temporary-filesystem": "^2.1.1",
                "php": "^5.3.9 || ^7.0"
            },
            "require-dev": {
                "phpunit/phpunit": "^4.8.36",
                "sami/sami": "~1.0",
                "silex/silex": "~1.0"
            },
            "suggest": {
                "php-ffmpeg/extras": "A compilation of common audio & video drivers for PHP-FFMpeg"
            },
            "type": "library",
            "extra": {
                "branch-alias": {
                    "dev-master": "0.7-dev"
                }
            },
            "autoload": {
                "psr-0": {
                    "FFMpeg": "src"
                }
            },
            "notification-url": "https://packagist.org/downloads/",
            "license": [
                "MIT"
            ],
            "authors": [
                {
                    "name": "Romain Neutron",
                    "email": "imprec@gmail.com",
                    "homepage": "http://www.lickmychip.com/"
                },
                {
                    "name": "Phraseanet Team",
                    "email": "info@alchemy.fr",
                    "homepage": "http://www.phraseanet.com/"
                },
                {
                    "name": "Patrik Karisch",
                    "email": "patrik@karisch.guru",
                    "homepage": "http://www.karisch.guru"
                },
                {
                    "name": "Romain Biard",
                    "email": "romain.biard@gmail.com",
                    "homepage": "https://www.strime.io/"
                },
                {
                    "name": "Jens Hausdorf",
                    "email": "hello@jens-hausdorf.de",
                    "homepage": "https://jens-hausdorf.de"
                }
            ],
            "description": "FFMpeg PHP, an Object Oriented library to communicate with AVconv / ffmpeg",
            "keywords": [
                "audio",
                "audio processing",
                "avconv",
                "avprobe",
                "ffmpeg",
                "ffprobe",
                "video",
                "video processing"
            ],
            "time": "2019-04-29T18:02:21+00:00"
        },
        {
            "name": "psr/log",
            "version": "1.1.2",
            "source": {
                "type": "git",
                "url": "https://github.com/php-fig/log.git",
                "reference": "446d54b4cb6bf489fc9d75f55843658e6f25d801"
            },
            "dist": {
                "type": "zip",
                "url": "https://api.github.com/repos/php-fig/log/zipball/446d54b4cb6bf489fc9d75f55843658e6f25d801",
                "reference": "446d54b4cb6bf489fc9d75f55843658e6f25d801",
                "shasum": ""
            },
            "require": {
                "php": ">=5.3.0"
            },
            "type": "library",
            "extra": {
                "branch-alias": {
                    "dev-master": "1.1.x-dev"
                }
            },
            "autoload": {
                "psr-4": {
                    "Psr\\Log\\": "Psr/Log/"
                }
            },
            "notification-url": "https://packagist.org/downloads/",
            "license": [
                "MIT"
            ],
            "authors": [
                {
                    "name": "PHP-FIG",
                    "homepage": "http://www.php-fig.org/"
                }
            ],
            "description": "Common interface for logging libraries",
            "homepage": "https://github.com/php-fig/log",
            "keywords": [
                "log",
                "psr",
                "psr-3"
            ],
            "time": "2019-11-01T11:05:21+00:00"
        },
        {
            "name": "symfony/filesystem",
            "version": "v4.4.1",
            "source": {
                "type": "git",
                "url": "https://github.com/symfony/filesystem.git",
                "reference": "40c2606131d56eff6f193b6e2ceb92414653b591"
            },
            "dist": {
                "type": "zip",
                "url": "https://api.github.com/repos/symfony/filesystem/zipball/40c2606131d56eff6f193b6e2ceb92414653b591",
                "reference": "40c2606131d56eff6f193b6e2ceb92414653b591",
                "shasum": ""
            },
            "require": {
                "php": "^7.1.3",
                "symfony/polyfill-ctype": "~1.8"
            },
            "type": "library",
            "extra": {
                "branch-alias": {
                    "dev-master": "4.4-dev"
                }
            },
            "autoload": {
                "psr-4": {
                    "Symfony\\Component\\Filesystem\\": ""
                },
                "exclude-from-classmap": [
                    "/Tests/"
                ]
            },
            "notification-url": "https://packagist.org/downloads/",
            "license": [
                "MIT"
            ],
            "authors": [
                {
                    "name": "Fabien Potencier",
                    "email": "fabien@symfony.com"
                },
                {
                    "name": "Symfony Community",
                    "homepage": "https://symfony.com/contributors"
                }
            ],
            "description": "Symfony Filesystem Component",
            "homepage": "https://symfony.com",
            "time": "2019-11-26T23:16:41+00:00"
        },
        {
            "name": "symfony/options-resolver",
            "version": "v4.4.1",
            "source": {
                "type": "git",
                "url": "https://github.com/symfony/options-resolver.git",
                "reference": "2be23e63f33de16b49294ea6581f462932a77e2f"
            },
            "dist": {
                "type": "zip",
                "url": "https://api.github.com/repos/symfony/options-resolver/zipball/2be23e63f33de16b49294ea6581f462932a77e2f",
                "reference": "2be23e63f33de16b49294ea6581f462932a77e2f",
                "shasum": ""
            },
            "require": {
                "php": "^7.1.3"
            },
            "type": "library",
            "extra": {
                "branch-alias": {
                    "dev-master": "4.4-dev"
                }
            },
            "autoload": {
                "psr-4": {
                    "Symfony\\Component\\OptionsResolver\\": ""
                },
                "exclude-from-classmap": [
                    "/Tests/"
                ]
            },
            "notification-url": "https://packagist.org/downloads/",
            "license": [
                "MIT"
            ],
            "authors": [
                {
                    "name": "Fabien Potencier",
                    "email": "fabien@symfony.com"
                },
                {
                    "name": "Symfony Community",
                    "homepage": "https://symfony.com/contributors"
                }
            ],
            "description": "Symfony OptionsResolver Component",
            "homepage": "https://symfony.com",
            "keywords": [
                "config",
                "configuration",
                "options"
            ],
            "time": "2019-10-28T21:57:16+00:00"
        },
        {
            "name": "symfony/polyfill-ctype",
            "version": "v1.13.1",
            "source": {
                "type": "git",
                "url": "https://github.com/symfony/polyfill-ctype.git",
                "reference": "f8f0b461be3385e56d6de3dbb5a0df24c0c275e3"
            },
            "dist": {
                "type": "zip",
                "url": "https://api.github.com/repos/symfony/polyfill-ctype/zipball/f8f0b461be3385e56d6de3dbb5a0df24c0c275e3",
                "reference": "f8f0b461be3385e56d6de3dbb5a0df24c0c275e3",
                "shasum": ""
            },
            "require": {
                "php": ">=5.3.3"
            },
            "suggest": {
                "ext-ctype": "For best performance"
            },
            "type": "library",
            "extra": {
                "branch-alias": {
                    "dev-master": "1.13-dev"
                }
            },
            "autoload": {
                "psr-4": {
                    "Symfony\\Polyfill\\Ctype\\": ""
                },
                "files": [
                    "bootstrap.php"
                ]
            },
            "notification-url": "https://packagist.org/downloads/",
            "license": [
                "MIT"
            ],
            "authors": [
                {
                    "name": "Gert de Pagter",
                    "email": "BackEndTea@gmail.com"
                },
                {
                    "name": "Symfony Community",
                    "homepage": "https://symfony.com/contributors"
                }
            ],
            "description": "Symfony polyfill for ctype functions",
            "homepage": "https://symfony.com",
            "keywords": [
                "compatibility",
                "ctype",
                "polyfill",
                "portable"
            ],
            "time": "2019-11-27T13:56:44+00:00"
        },
        {
            "name": "symfony/process",
            "version": "v4.4.1",
            "source": {
                "type": "git",
                "url": "https://github.com/symfony/process.git",
                "reference": "51c0135ef3f44c5803b33dc60e96bf4f77752726"
            },
            "dist": {
                "type": "zip",
                "url": "https://api.github.com/repos/symfony/process/zipball/51c0135ef3f44c5803b33dc60e96bf4f77752726",
                "reference": "51c0135ef3f44c5803b33dc60e96bf4f77752726",
                "shasum": ""
            },
            "require": {
                "php": "^7.1.3"
            },
            "type": "library",
            "extra": {
                "branch-alias": {
                    "dev-master": "4.4-dev"
                }
            },
            "autoload": {
                "psr-4": {
                    "Symfony\\Component\\Process\\": ""
                },
                "exclude-from-classmap": [
                    "/Tests/"
                ]
            },
            "notification-url": "https://packagist.org/downloads/",
            "license": [
                "MIT"
            ],
            "authors": [
                {
                    "name": "Fabien Potencier",
                    "email": "fabien@symfony.com"
                },
                {
                    "name": "Symfony Community",
                    "homepage": "https://symfony.com/contributors"
                }
            ],
            "description": "Symfony Process Component",
            "homepage": "https://symfony.com",
            "time": "2019-11-28T13:33:56+00:00"
        }
    ],
    "packages-dev": [],
    "aliases": [],
    "minimum-stability": "stable",
    "stability-flags": {
        "php-ffmpeg/php-ffmpeg": 20
    },
    "prefer-stable": false,
    "prefer-lowest": false,
    "platform": [],
    "platform-dev": []
}
